
Microsoft Visual Studio Solution File, Format Version 12.00
# Visual Studio 2013
VisualStudioVersion = 12.0.21005.1
MinimumVisualStudioVersion = 10.0.40219.1
Project("{FAE04EC0-301F-11D3-BF4B-00C04F79EFBC}") = "03. Greeting by Name", "03. Greeting by Name\03. Greeting by Name.csproj", "{469BB7AF-6307-40A2-85E5-80A27D948402}"
EndProject
Global
	GlobalSection(SolutionConfigurationPlatforms) = preSolution
		Debug|Any CPU = Debug|Any CPU
		Release|Any CPU = Release|Any CPU
	EndGlobalSection
	GlobalSection(ProjectConfigurationPlatforms) = postSolution
		{469BB7AF-6307-40A2-85E5-80A27D948402}.Debug|Any CPU.ActiveCfg = Debug|Any CPU
		{469BB7AF-6307-40A2-85E5-80A27D948402}.Debug|Any CPU.Build.0 = Debug|Any CPU
		{469BB7AF-6307-40A2-85E5-80A27D948402}.Release|Any CPU.ActiveCfg = Release|Any CPU
		{469BB7AF-6307-40A2-85E5-80A27D948402}.Release|Any CPU.Build.0 = Release|Any CPU
	EndGlobalSection
	GlobalSection(SolutionProperties) = preSolution
		HideSolutionNode = FALSE
	EndGlobalSection
EndGlobal
